
Microsoft Visual Studio Solution File, Format Version 12.00
# Visual Studio Version 17
VisualStudioVersion = 17.5.002.0
MinimumVisualStudioVersion = 10.0.40219.1
Project("{9A19103F-16F7-4668-BE54-9A1E7A4F7556}") = "Application", "Application\Application.csproj", "{58C3573F-5FA5-40AA-B61A-DDA064A45CE9}"
EndProject
Project("{9A19103F-16F7-4668-BE54-9A1E7A4F7556}") = "ConsoleApp", "ConsoleApp\ConsoleApp.csproj", "{1837EF4E-1D4A-4E80-B3AA-59EF48762E14}"
EndProject
Project("{9A19103F-16F7-4668-BE54-9A1E7A4F7556}") = "WebApp", "WebApp\WebApp.csproj", "{3D89B203-88CB-4F22-9034-7F987C6B2ADA}"
EndProject
Global
	GlobalSection(SolutionConfigurationPlatforms) = preSolution
		Debug|Any CPU = Debug|Any CPU
		Release|Any CPU = Release|Any CPU
	EndGlobalSection
	GlobalSection(ProjectConfigurationPlatforms) = postSolution
		{58C3573F-5FA5-40AA-B61A-DDA064A45CE9}.Debug|Any CPU.ActiveCfg = Debug|Any CPU
		{58C3573F-5FA5-40AA-B61A-DDA064A45CE9}.Debug|Any CPU.Build.0 = Debug|Any CPU
		{58C3573F-5FA5-40AA-B61A-DDA064A45CE9}.Release|Any CPU.ActiveCfg = Release|Any CPU
		{58C3573F-5FA5-40AA-B61A-DDA064A45CE9}.Release|Any CPU.Build.0 = Release|Any CPU
		{1837EF4E-1D4A-4E80-B3AA-59EF48762E14}.Debug|Any CPU.ActiveCfg = Debug|Any CPU
		{1837EF4E-1D4A-4E80-B3AA-59EF48762E14}.Debug|Any CPU.Build.0 = Debug|Any CPU
		{1837EF4E-1D4A-4E80-B3AA-59EF48762E14}.Release|Any CPU.ActiveCfg = Release|Any CPU
		{1837EF4E-1D4A-4E80-B3AA-59EF48762E14}.Release|Any CPU.Build.0 = Release|Any CPU
		{3D89B203-88CB-4F22-9034-7F987C6B2ADA}.Debug|Any CPU.ActiveCfg = Debug|Any CPU
		{3D89B203-88CB-4F22-9034-7F987C6B2ADA}.Debug|Any CPU.Build.0 = Debug|Any CPU
		{3D89B203-88CB-4F22-9034-7F987C6B2ADA}.Release|Any CPU.ActiveCfg = Release|Any CPU
		{3D89B203-88CB-4F22-9034-7F987C6B2ADA}.Release|Any CPU.Build.0 = Release|Any CPU
	EndGlobalSection
	GlobalSection(SolutionProperties) = preSolution
		HideSolutionNode = FALSE
	EndGlobalSection
	GlobalSection(ExtensibilityGlobals) = postSolution
		SolutionGuid = {230B5C0B-6AB7-4222-9746-2FBA4D4F13B0}
	EndGlobalSection
EndGlobal
